Microsoft Visual Studio Solution File, Format Version 12.00
# Visual Studio Version 16
VisualStudioVersion = 16.0.30225.117
MinimumVisualStudioVersion = 10.0.40219.1
Project("{6EC3EE1D-3C4E-46DD-8F32-0CC8E7565705}") = "ExpenseCounter.Mobile", "ExpenseCounter.Mobile\ExpenseCounter.Mobile.fsproj", "{CE6F6BFD-969F-4A53-A0BA-03CC22083A7C}"
EndProject
Project("{F2A71F9B-5D33-465A-A702-920D77279786}") = "ExpenseCounter.Mobile.Android", "ExpenseCounter.Mobile.Android\ExpenseCounter.Mobile.Android.fsproj", "{2AC697E6-2979-4897-BD9D-28906C36B112}"
EndProject
Project("{6EC3EE1D-3C4E-46DD-8F32-0CC8E7565705}") = "ExpenseCounter.Mobile.Tests", "ExpenseCounter.Mobile.Tests\ExpenseCounter.Mobile.Tests.fsproj", "{BA66ACD3-8DAE-486B-93EC-630A6871276C}"
EndProject
Project("{9A19103F-16F7-4668-BE54-9A1E7A4F7556}") = "CheckReceiptSDK", "CheckReceiptSDK\CheckReceiptSDK.csproj", "{836FAA8A-94B7-4B8B-83C2-C3F6F60A5E84}"
EndProject
Global
	GlobalSection(SolutionConfigurationPlatforms) = preSolution
		Ad-Hoc|Any CPU = Ad-Hoc|Any CPU
		Ad-Hoc|ARM = Ad-Hoc|ARM
		Ad-Hoc|iPhone = Ad-Hoc|iPhone
		Ad-Hoc|iPhoneSimulator = Ad-Hoc|iPhoneSimulator
		Ad-Hoc|x64 = Ad-Hoc|x64
		Ad-Hoc|x86 = Ad-Hoc|x86
		AppStore|Any CPU = AppStore|Any CPU
		AppStore|ARM = AppStore|ARM
		AppStore|iPhone = AppStore|iPhone
		AppStore|iPhoneSimulator = AppStore|iPhoneSimulator
		AppStore|x64 = AppStore|x64
		AppStore|x86 = AppStore|x86
		Debug|Any CPU = Debug|Any CPU
		Debug|ARM = Debug|ARM
		Debug|iPhone = Debug|iPhone
		Debug|iPhoneSimulator = Debug|iPhoneSimulator
		Debug|x64 = Debug|x64
		Debug|x86 = Debug|x86
		Release|Any CPU = Release|Any CPU
		Release|ARM = Release|ARM
		Release|iPhone = Release|iPhone
		Release|iPhoneSimulator = Release|iPhoneSimulator
		Release|x64 = Release|x64
		Release|x86 = Release|x86
	EndGlobalSection
	GlobalSection(ProjectConfigurationPlatforms) = postSolution
		{CE6F6BFD-969F-4A53-A0BA-03CC22083A7C}.Ad-Hoc|Any CPU.ActiveCfg = Debug|Any CPU
		{CE6F6BFD-969F-4A53-A0BA-03CC22083A7C}.Ad-Hoc|Any CPU.Build.0 = Debug|Any CPU
		{CE6F6BFD-969F-4A53-A0BA-03CC22083A7C}.Ad-Hoc|ARM.ActiveCfg = Debug|Any CPU
		{CE6F6BFD-969F-4A53-A0BA-03CC22083A7C}.Ad-Hoc|ARM.Build.0 = Debug|Any CPU
		{CE6F6BFD-969F-4A53-A0BA-03CC22083A7C}.Ad-Hoc|iPhone.ActiveCfg = Debug|Any CPU
		{CE6F6BFD-969F-4A53-A0BA-03CC22083A7C}.Ad-Hoc|iPhone.Build.0 = Debug|Any CPU
		{CE6F6BFD-969F-4A53-A0BA-03CC22083A7C}.Ad-Hoc|iPhoneSimulator.ActiveCfg = Debug|Any CPU
		{CE6F6BFD-969F-4A53-A0BA-03CC22083A7C}.Ad-Hoc|iPhoneSimulator.Build.0 = Debug|Any CPU
		{CE6F6BFD-969F-4A53-A0BA-03CC22083A7C}.Ad-Hoc|x64.ActiveCfg = Debug|Any CPU
		{CE6F6BFD-969F-4A53-A0BA-03CC22083A7C}.Ad-Hoc|x64.Build.0 = Debug|Any CPU
		{CE6F6BFD-969F-4A53-A0BA-03CC22083A7C}.Ad-Hoc|x86.ActiveCfg = Debug|Any CPU
		{CE6F6BFD-969F-4A53-A0BA-03CC22083A7C}.Ad-Hoc|x86.Build.0 = Debug|Any CPU
		{CE6F6BFD-969F-4A53-A0BA-03CC22083A7C}.AppStore|Any CPU.ActiveCfg = Debug|Any CPU
		{CE6F6BFD-969F-4A53-A0BA-03CC22083A7C}.AppStore|Any CPU.Build.0 = Debug|Any CPU
		{CE6F6BFD-969F-4A53-A0BA-03CC22083A7C}.AppStore|ARM.ActiveCfg = Debug|Any CPU
		{CE6F6BFD-969F-4A53-A0BA-03CC22083A7C}.AppStore|ARM.Build.0 = Debug|Any CPU
		{CE6F6BFD-969F-4A53-A0BA-03CC22083A7C}.AppStore|iPhone.ActiveCfg = Debug|Any CPU
		{CE6F6BFD-969F-4A53-A0BA-03CC22083A7C}.AppStore|iPhone.Build.0 = Debug|Any CPU
		{CE6F6BFD-969F-4A53-A0BA-03CC22083A7C}.AppStore|iPhoneSimulator.ActiveCfg = Debug|Any CPU
		{CE6F6BFD-969F-4A53-A0BA-03CC22083A7C}.AppStore|iPhoneSimulator.Build.0 = Debug|Any CPU
		{CE6F6BFD-969F-4A53-A0BA-03CC22083A7C}.AppStore|x64.ActiveCfg = Debug|Any CPU
		{CE6F6BFD-969F-4A53-A0BA-03CC22083A7C}.AppStore|x64.Build.0 = Debug|Any CPU
		{CE6F6BFD-969F-4A53-A0BA-03CC22083A7C}.AppStore|x86.ActiveCfg = Debug|Any CPU
		{CE6F6BFD-969F-4A53-A0BA-03CC22083A7C}.AppStore|x86.Build.0 = Debug|Any CPU
		{CE6F6BFD-969F-4A53-A0BA-03CC22083A7C}.Debug|Any CPU.ActiveCfg = Debug|Any CPU
		{CE6F6BFD-969F-4A53-A0BA-03CC22083A7C}.Debug|Any CPU.Build.0 = Debug|Any CPU
		{CE6F6BFD-969F-4A53-A0BA-03CC22083A7C}.Debug|ARM.ActiveCfg = Debug|Any CPU
		{CE6F6BFD-969F-4A53-A0BA-03CC22083A7C}.Debug|ARM.Build.0 = Debug|Any CPU
		{CE6F6BFD-969F-4A53-A0BA-03CC22083A7C}.Debug|iPhone.ActiveCfg = Debug|Any CPU
		{CE6F6BFD-969F-4A53-A0BA-03CC22083A7C}.Debug|iPhone.Build.0 = Debug|Any CPU
		{CE6F6BFD-969F-4A53-A0BA-03CC22083A7C}.Debug|iPhoneSimulator.ActiveCfg = Debug|Any CPU
		{CE6F6BFD-969F-4A53-A0BA-03CC22083A7C}.Debug|iPhoneSimulator.Build.0 = Debug|Any CPU
		{CE6F6BFD-969F-4A53-A0BA-03CC22083A7C}.Debug|x64.ActiveCfg = Debug|Any CPU
		{CE6F6BFD-969F-4A53-A0BA-03CC22083A7C}.Debug|x64.Build.0 = Debug|Any CPU
		{CE6F6BFD-969F-4A53-A0BA-03CC22083A7C}.Debug|x86.ActiveCfg = Debug|Any CPU
		{CE6F6BFD-969F-4A53-A0BA-03CC22083A7C}.Debug|x86.Build.0 = Debug|Any CPU
		{CE6F6BFD-969F-4A53-A0BA-03CC22083A7C}.Release|Any CPU.ActiveCfg = Release|Any CPU
		{CE6F6BFD-969F-4A53-A0BA-03CC22083A7C}.Release|Any CPU.Build.0 = Release|Any CPU
		{CE6F6BFD-969F-4A53-A0BA-03CC22083A7C}.Release|ARM.ActiveCfg = Release|Any CPU
		{CE6F6BFD-969F-4A53-A0BA-03CC22083A7C}.Release|ARM.Build.0 = Release|Any CPU
		{CE6F6BFD-969F-4A53-A0BA-03CC22083A7C}.Release|iPhone.ActiveCfg = Release|Any CPU
		{CE6F6BFD-969F-4A53-A0BA-03CC22083A7C}.Release|iPhone.Build.0 = Release|Any CPU
		{CE6F6BFD-969F-4A53-A0BA-03CC22083A7C}.Release|iPhoneSimulator.ActiveCfg = Release|Any CPU
		{CE6F6BFD-969F-4A53-A0BA-03CC22083A7C}.Release|iPhoneSimulator.Build.0 = Release|Any CPU
		{CE6F6BFD-969F-4A53-A0BA-03CC22083A7C}.Release|x64.ActiveCfg = Release|Any CPU
		{CE6F6BFD-969F-4A53-A0BA-03CC22083A7C}.Release|x64.Build.0 = Release|Any CPU
		{CE6F6BFD-969F-4A53-A0BA-03CC22083A7C}.Release|x86.ActiveCfg = Release|Any CPU
		{CE6F6BFD-969F-4A53-A0BA-03CC22083A7C}.Release|x86.Build.0 = Release|Any CPU
		{2AC697E6-2979-4897-BD9D-28906C36B112}.Ad-Hoc|Any CPU.ActiveCfg = Release|Any CPU
		{2AC697E6-2979-4897-BD9D-28906C36B112}.Ad-Hoc|Any CPU.Build.0 = Release|Any CPU
		{2AC697E6-2979-4897-BD9D-28906C36B112}.Ad-Hoc|ARM.ActiveCfg = Release|Any CPU
		{2AC697E6-2979-4897-BD9D-28906C36B112}.Ad-Hoc|ARM.Build.0 = Release|Any CPU
		{2AC697E6-2979-4897-BD9D-28906C36B112}.Ad-Hoc|iPhone.ActiveCfg = Release|Any CPU
		{2AC697E6-2979-4897-BD9D-28906C36B112}.Ad-Hoc|iPhone.Build.0 = Release|Any CPU
		{2AC697E6-2979-4897-BD9D-28906C36B112}.Ad-Hoc|iPhoneSimulator.ActiveCfg = Release|Any CPU
		{2AC697E6-2979-4897-BD9D-28906C36B112}.Ad-Hoc|iPhoneSimulator.Build.0 = Release|Any CPU
		{2AC697E6-2979-4897-BD9D-28906C36B112}.Ad-Hoc|x64.ActiveCfg = Release|Any CPU
		{2AC697E6-2979-4897-BD9D-28906C36B112}.Ad-Hoc|x64.Build.0 = Release|Any CPU
		{2AC697E6-2979-4897-BD9D-28906C36B112}.Ad-Hoc|x86.ActiveCfg = Release|Any CPU
		{2AC697E6-2979-4897-BD9D-28906C36B112}.Ad-Hoc|x86.Build.0 = Release|Any CPU
		{2AC697E6-2979-4897-BD9D-28906C36B112}.AppStore|Any CPU.ActiveCfg = Release|Any CPU
		{2AC697E6-2979-4897-BD9D-28906C36B112}.AppStore|Any CPU.Build.0 = Release|Any CPU
		{2AC697E6-2979-4897-BD9D-28906C36B112}.AppStore|ARM.ActiveCfg = Release|Any CPU
		{2AC697E6-2979-4897-BD9D-28906C36B112}.AppStore|ARM.Build.0 = Release|Any CPU
		{2AC697E6-2979-4897-BD9D-28906C36B112}.AppStore|iPhone.ActiveCfg = Release|Any CPU
		{2AC697E6-2979-4897-BD9D-28906C36B112}.AppStore|iPhone.Build.0 = Release|Any CPU
		{2AC697E6-2979-4897-BD9D-28906C36B112}.AppStore|iPhoneSimulator.ActiveCfg = Release|Any CPU
		{2AC697E6-2979-4897-BD9D-28906C36B112}.AppStore|iPhoneSimulator.Build.0 = Release|Any CPU
		{2AC697E6-2979-4897-BD9D-28906C36B112}.AppStore|x64.ActiveCfg = Release|Any CPU
		{2AC697E6-2979-4897-BD9D-28906C36B112}.AppStore|x64.Build.0 = Release|Any CPU
		{2AC697E6-2979-4897-BD9D-28906C36B112}.AppStore|x86.ActiveCfg = Release|Any CPU
		{2AC697E6-2979-4897-BD9D-28906C36B112}.AppStore|x86.Build.0 = Release|Any CPU
		{2AC697E6-2979-4897-BD9D-28906C36B112}.Debug|Any CPU.ActiveCfg = Debug|Any CPU
		{2AC697E6-2979-4897-BD9D-28906C36B112}.Debug|Any CPU.Build.0 = Debug|Any CPU
		{2AC697E6-2979-4897-BD9D-28906C36B112}.Debug|Any CPU.Deploy.0 = Debug|Any CPU
		{2AC697E6-2979-4897-BD9D-28906C36B112}.Debug|ARM.ActiveCfg = Debug|Any CPU
		{2AC697E6-2979-4897-BD9D-28906C36B112}.Debug|ARM.Build.0 = Debug|Any CPU
		{2AC697E6-2979-4897-BD9D-28906C36B112}.Debug|iPhone.ActiveCfg = Debug|Any CPU
		{2AC697E6-2979-4897-BD9D-28906C36B112}.Debug|iPhone.Build.0 = Debug|Any CPU
		{2AC697E6-2979-4897-BD9D-28906C36B112}.Debug|iPhoneSimulator.ActiveCfg = Debug|Any CPU
		{2AC697E6-2979-4897-BD9D-28906C36B112}.Debug|iPhoneSimulator.Build.0 = Debug|Any CPU
		{2AC697E6-2979-4897-BD9D-28906C36B112}.Debug|x64.ActiveCfg = Debug|Any CPU
		{2AC697E6-2979-4897-BD9D-28906C36B112}.Debug|x64.Build.0 = Debug|Any CPU
		{2AC697E6-2979-4897-BD9D-28906C36B112}.Debug|x86.ActiveCfg = Debug|Any CPU
		{2AC697E6-2979-4897-BD9D-28906C36B112}.Debug|x86.Build.0 = Debug|Any CPU
		{2AC697E6-2979-4897-BD9D-28906C36B112}.Release|Any CPU.ActiveCfg = Release|Any CPU
		{2AC697E6-2979-4897-BD9D-28906C36B112}.Release|Any CPU.Build.0 = Release|Any CPU
		{2AC697E6-2979-4897-BD9D-28906C36B112}.Release|Any CPU.Deploy.0 = Release|Any CPU
		{2AC697E6-2979-4897-BD9D-28906C36B112}.Release|ARM.ActiveCfg = Release|Any CPU
		{2AC697E6-2979-4897-BD9D-28906C36B112}.Release|ARM.Build.0 = Release|Any CPU
		{2AC697E6-2979-4897-BD9D-28906C36B112}.Release|iPhone.ActiveCfg = Release|Any CPU
		{2AC697E6-2979-4897-BD9D-28906C36B112}.Release|iPhone.Build.0 = Release|Any CPU
		{2AC697E6-2979-4897-BD9D-28906C36B112}.Release|iPhoneSimulator.ActiveCfg = Release|Any CPU
		{2AC697E6-2979-4897-BD9D-28906C36B112}.Release|iPhoneSimulator.Build.0 = Release|Any CPU
		{2AC697E6-2979-4897-BD9D-28906C36B112}.Release|x64.ActiveCfg = Release|Any CPU
		{2AC697E6-2979-4897-BD9D-28906C36B112}.Release|x64.Build.0 = Release|Any CPU
		{2AC697E6-2979-4897-BD9D-28906C36B112}.Release|x86.ActiveCfg = Release|Any CPU
		{2AC697E6-2979-4897-BD9D-28906C36B112}.Release|x86.Build.0 = Release|Any CPU
		{BA66ACD3-8DAE-486B-93EC-630A6871276C}.Ad-Hoc|Any CPU.ActiveCfg = Debug|Any CPU
		{BA66ACD3-8DAE-486B-93EC-630A6871276C}.Ad-Hoc|Any CPU.Build.0 = Debug|Any CPU
		{BA66ACD3-8DAE-486B-93EC-630A6871276C}.Ad-Hoc|ARM.ActiveCfg = Debug|Any CPU
		{BA66ACD3-8DAE-486B-93EC-630A6871276C}.Ad-Hoc|ARM.Build.0 = Debug|Any CPU
		{BA66ACD3-8DAE-486B-93EC-630A6871276C}.Ad-Hoc|iPhone.ActiveCfg = Debug|Any CPU
		{BA66ACD3-8DAE-486B-93EC-630A6871276C}.Ad-Hoc|iPhone.Build.0 = Debug|Any CPU
		{BA66ACD3-8DAE-486B-93EC-630A6871276C}.Ad-Hoc|iPhoneSimulator.ActiveCfg = Debug|Any CPU
		{BA66ACD3-8DAE-486B-93EC-630A6871276C}.Ad-Hoc|iPhoneSimulator.Build.0 = Debug|Any CPU
		{BA66ACD3-8DAE-486B-93EC-630A6871276C}.Ad-Hoc|x64.ActiveCfg = Debug|Any CPU
		{BA66ACD3-8DAE-486B-93EC-630A6871276C}.Ad-Hoc|x64.Build.0 = Debug|Any CPU
		{BA66ACD3-8DAE-486B-93EC-630A6871276C}.Ad-Hoc|x86.ActiveCfg = Debug|Any CPU
		{BA66ACD3-8DAE-486B-93EC-630A6871276C}.Ad-Hoc|x86.Build.0 = Debug|Any CPU
		{BA66ACD3-8DAE-486B-93EC-630A6871276C}.AppStore|Any CPU.ActiveCfg = Debug|Any CPU
		{BA66ACD3-8DAE-486B-93EC-630A6871276C}.AppStore|Any CPU.Build.0 = Debug|Any CPU
		{BA66ACD3-8DAE-486B-93EC-630A6871276C}.AppStore|ARM.ActiveCfg = Debug|Any CPU
		{BA66ACD3-8DAE-486B-93EC-630A6871276C}.AppStore|ARM.Build.0 = Debug|Any CPU
		{BA66ACD3-8DAE-486B-93EC-630A6871276C}.AppStore|iPhone.ActiveCfg = Debug|Any CPU
		{BA66ACD3-8DAE-486B-93EC-630A6871276C}.AppStore|iPhone.Build.0 = Debug|Any CPU
		{BA66ACD3-8DAE-486B-93EC-630A6871276C}.AppStore|iPhoneSimulator.ActiveCfg = Debug|Any CPU
		{BA66ACD3-8DAE-486B-93EC-630A6871276C}.AppStore|iPhoneSimulator.Build.0 = Debug|Any CPU
		{BA66ACD3-8DAE-486B-93EC-630A6871276C}.AppStore|x64.ActiveCfg = Debug|Any CPU
		{BA66ACD3-8DAE-486B-93EC-630A6871276C}.AppStore|x64.Build.0 = Debug|Any CPU
		{BA66ACD3-8DAE-486B-93EC-630A6871276C}.AppStore|x86.ActiveCfg = Debug|Any CPU
		{BA66ACD3-8DAE-486B-93EC-630A6871276C}.AppStore|x86.Build.0 = Debug|Any CPU
		{BA66ACD3-8DAE-486B-93EC-630A6871276C}.Debug|Any CPU.ActiveCfg = Debug|Any CPU
		{BA66ACD3-8DAE-486B-93EC-630A6871276C}.Debug|Any CPU.Build.0 = Debug|Any CPU
		{BA66ACD3-8DAE-486B-93EC-630A6871276C}.Debug|ARM.ActiveCfg = Debug|Any CPU
		{BA66ACD3-8DAE-486B-93EC-630A6871276C}.Debug|ARM.Build.0 = Debug|Any CPU
		{BA66ACD3-8DAE-486B-93EC-630A6871276C}.Debug|iPhone.ActiveCfg = Debug|Any CPU
		{BA66ACD3-8DAE-486B-93EC-630A6871276C}.Debug|iPhone.Build.0 = Debug|Any CPU
		{BA66ACD3-8DAE-486B-93EC-630A6871276C}.Debug|iPhoneSimulator.ActiveCfg = Debug|Any CPU
		{BA66ACD3-8DAE-486B-93EC-630A6871276C}.Debug|iPhoneSimulator.Build.0 = Debug|Any CPU
		{BA66ACD3-8DAE-486B-93EC-630A6871276C}.Debug|x64.ActiveCfg = Debug|Any CPU
		{BA66ACD3-8DAE-486B-93EC-630A6871276C}.Debug|x64.Build.0 = Debug|Any CPU
		{BA66ACD3-8DAE-486B-93EC-630A6871276C}.Debug|x86.ActiveCfg = Debug|Any CPU
		{BA66ACD3-8DAE-486B-93EC-630A6871276C}.Debug|x86.Build.0 = Debug|Any CPU
		{BA66ACD3-8DAE-486B-93EC-630A6871276C}.Release|Any CPU.ActiveCfg = Release|Any CPU
		{BA66ACD3-8DAE-486B-93EC-630A6871276C}.Release|Any CPU.Build.0 = Release|Any CPU
		{BA66ACD3-8DAE-486B-93EC-630A6871276C}.Release|ARM.ActiveCfg = Release|Any CPU
		{BA66ACD3-8DAE-486B-93EC-630A6871276C}.Release|ARM.Build.0 = Release|Any CPU
		{BA66ACD3-8DAE-486B-93EC-630A6871276C}.Release|iPhone.ActiveCfg = Release|Any CPU
		{BA66ACD3-8DAE-486B-93EC-630A6871276C}.Release|iPhone.Build.0 = Release|Any CPU
		{BA66ACD3-8DAE-486B-93EC-630A6871276C}.Release|iPhoneSimulator.ActiveCfg = Release|Any CPU
		{BA66ACD3-8DAE-486B-93EC-630A6871276C}.Release|iPhoneSimulator.Build.0 = Release|Any CPU
		{BA66ACD3-8DAE-486B-93EC-630A6871276C}.Release|x64.ActiveCfg = Release|Any CPU
		{BA66ACD3-8DAE-486B-93EC-630A6871276C}.Release|x64.Build.0 = Release|Any CPU
		{BA66ACD3-8DAE-486B-93EC-630A6871276C}.Release|x86.ActiveCfg = Release|Any CPU
		{BA66ACD3-8DAE-486B-93EC-630A6871276C}.Release|x86.Build.0 = Release|Any CPU
		{836FAA8A-94B7-4B8B-83C2-C3F6F60A5E84}.Ad-Hoc|Any CPU.ActiveCfg = Debug|Any CPU
		{836FAA8A-94B7-4B8B-83C2-C3F6F60A5E84}.Ad-Hoc|Any CPU.Build.0 = Debug|Any CPU
		{836FAA8A-94B7-4B8B-83C2-C3F6F60A5E84}.Ad-Hoc|ARM.ActiveCfg = Debug|Any CPU
		{836FAA8A-94B7-4B8B-83C2-C3F6F60A5E84}.Ad-Hoc|ARM.Build.0 = Debug|Any CPU
		{836FAA8A-94B7-4B8B-83C2-C3F6F60A5E84}.Ad-Hoc|iPhone.ActiveCfg = Debug|Any CPU
		{836FAA8A-94B7-4B8B-83C2-C3F6F60A5E84}.Ad-Hoc|iPhone.Build.0 = Debug|Any CPU
		{836FAA8A-94B7-4B8B-83C2-C3F6F60A5E84}.Ad-Hoc|iPhoneSimulator.ActiveCfg = Debug|Any CPU
		{836FAA8A-94B7-4B8B-83C2-C3F6F60A5E84}.Ad-Hoc|iPhoneSimulator.Build.0 = Debug|Any CPU
		{836FAA8A-94B7-4B8B-83C2-C3F6F60A5E84}.Ad-Hoc|x64.ActiveCfg = Debug|Any CPU
		{836FAA8A-94B7-4B8B-83C2-C3F6F60A5E84}.Ad-Hoc|x64.Build.0 = Debug|Any CPU
		{836FAA8A-94B7-4B8B-83C2-C3F6F60A5E84}.Ad-Hoc|x86.ActiveCfg = Debug|Any CPU
		{836FAA8A-94B7-4B8B-83C2-C3F6F60A5E84}.Ad-Hoc|x86.Build.0 = Debug|Any CPU
		{836FAA8A-94B7-4B8B-83C2-C3F6F60A5E84}.AppStore|Any CPU.ActiveCfg = Debug|Any CPU
		{836FAA8A-94B7-4B8B-83C2-C3F6F60A5E84}.AppStore|Any CPU.Build.0 = Debug|Any CPU
		{836FAA8A-94B7-4B8B-83C2-C3F6F60A5E84}.AppStore|ARM.ActiveCfg = Debug|Any CPU
		{836FAA8A-94B7-4B8B-83C2-C3F6F60A5E84}.AppStore|ARM.Build.0 = Debug|Any CPU
		{836FAA8A-94B7-4B8B-83C2-C3F6F60A5E84}.AppStore|iPhone.ActiveCfg = Debug|Any CPU
		{836FAA8A-94B7-4B8B-83C2-C3F6F60A5E84}.AppStore|iPhone.Build.0 = Debug|Any CPU
		{836FAA8A-94B7-4B8B-83C2-C3F6F60A5E84}.AppStore|iPhoneSimulator.ActiveCfg = Debug|Any CPU
		{836FAA8A-94B7-4B8B-83C2-C3F6F60A5E84}.AppStore|iPhoneSimulator.Build.0 = Debug|Any CPU
		{836FAA8A-94B7-4B8B-83C2-C3F6F60A5E84}.AppStore|x64.ActiveCfg = Debug|Any CPU
		{836FAA8A-94B7-4B8B-83C2-C3F6F60A5E84}.AppStore|x64.Build.0 = Debug|Any CPU
		{836FAA8A-94B7-4B8B-83C2-C3F6F60A5E84}.AppStore|x86.ActiveCfg = Debug|Any CPU
		{836FAA8A-94B7-4B8B-83C2-C3F6F60A5E84}.AppStore|x86.Build.0 = Debug|Any CPU
		{836FAA8A-94B7-4B8B-83C2-C3F6F60A5E84}.Debug|Any CPU.ActiveCfg = Debug|Any CPU
		{836FAA8A-94B7-4B8B-83C2-C3F6F60A5E84}.Debug|Any CPU.Build.0 = Debug|Any CPU
		{836FAA8A-94B7-4B8B-83C2-C3F6F60A5E84}.Debug|ARM.ActiveCfg = Debug|Any CPU
		{836FAA8A-94B7-4B8B-83C2-C3F6F60A5E84}.Debug|ARM.Build.0 = Debug|Any CPU
		{836FAA8A-94B7-4B8B-83C2-C3F6F60A5E84}.Debug|iPhone.ActiveCfg = Debug|Any CPU
		{836FAA8A-94B7-4B8B-83C2-C3F6F60A5E84}.Debug|iPhone.Build.0 = Debug|Any CPU
		{836FAA8A-94B7-4B8B-83C2-C3F6F60A5E84}.Debug|iPhoneSimulator.ActiveCfg = Debug|Any CPU
		{836FAA8A-94B7-4B8B-83C2-C3F6F60A5E84}.Debug|iPhoneSimulator.Build.0 = Debug|Any CPU
		{836FAA8A-94B7-4B8B-83C2-C3F6F60A5E84}.Debug|x64.ActiveCfg = Debug|Any CPU
		{836FAA8A-94B7-4B8B-83C2-C3F6F60A5E84}.Debug|x64.Build.0 = Debug|Any CPU
		{836FAA8A-94B7-4B8B-83C2-C3F6F60A5E84}.Debug|x86.ActiveCfg = Debug|Any CPU
		{836FAA8A-94B7-4B8B-83C2-C3F6F60A5E84}.Debug|x86.Build.0 = Debug|Any CPU
		{836FAA8A-94B7-4B8B-83C2-C3F6F60A5E84}.Release|Any CPU.ActiveCfg = Release|Any CPU
		{836FAA8A-94B7-4B8B-83C2-C3F6F60A5E84}.Release|Any CPU.Build.0 = Release|Any CPU
		{836FAA8A-94B7-4B8B-83C2-C3F6F60A5E84}.Release|ARM.ActiveCfg = Release|Any CPU
		{836FAA8A-94B7-4B8B-83C2-C3F6F60A5E84}.Release|ARM.Build.0 = Release|Any CPU
		{836FAA8A-94B7-4B8B-83C2-C3F6F60A5E84}.Release|iPhone.ActiveCfg = Release|Any CPU
		{836FAA8A-94B7-4B8B-83C2-C3F6F60A5E84}.Release|iPhone.Build.0 = Release|Any CPU
		{836FAA8A-94B7-4B8B-83C2-C3F6F60A5E84}.Release|iPhoneSimulator.ActiveCfg = Release|Any CPU
		{836FAA8A-94B7-4B8B-83C2-C3F6F60A5E84}.Release|iPhoneSimulator.Build.0 = Release|Any CPU
		{836FAA8A-94B7-4B8B-83C2-C3F6F60A5E84}.Release|x64.ActiveCfg = Release|Any CPU
		{836FAA8A-94B7-4B8B-83C2-C3F6F60A5E84}.Release|x64.Build.0 = Release|Any CPU
		{836FAA8A-94B7-4B8B-83C2-C3F6F60A5E84}.Release|x86.ActiveCfg = Release|Any CPU
		{836FAA8A-94B7-4B8B-83C2-C3F6F60A5E84}.Release|x86.Build.0 = Release|Any CPU
	EndGlobalSection
	GlobalSection(SolutionProperties) = preSolution
		HideSolutionNode = FALSE
	EndGlobalSection
	GlobalSection(ExtensibilityGlobals) = postSolution
		SolutionGuid = {F6D05029-56B8-4E45-AF2D-0E76295DDBA2}
	EndGlobalSection
EndGlobal
