
Microsoft Visual Studio Solution File, Format Version 12.00
# Visual Studio 15
VisualStudioVersion = 15.0.26730.10
MinimumVisualStudioVersion = 10.0.40219.1

Project("{6EC3EE1D-3C4E-46DD-8F32-0CC8E7565705}") = "ExpenseCounter.Mobile", "ExpenseCounter.Mobile\ExpenseCounter.Mobile.fsproj", "{CE6F6BFD-969F-4A53-A0BA-03CC22083A7C}"
EndProject

Project("{F2A71F9B-5D33-465A-A702-920D77279786}") = "ExpenseCounter.Mobile.Android", "ExpenseCounter.Mobile.Android\ExpenseCounter.Mobile.Android.fsproj", "{2AC697E6-2979-4897-BD9D-28906C36B112}"
EndProject






Global
	GlobalSection(SolutionConfigurationPlatforms) = preSolution
		Ad-Hoc|Any CPU = Ad-Hoc|Any CPU
		Ad-Hoc|ARM = Ad-Hoc|ARM
		Ad-Hoc|iPhone = Ad-Hoc|iPhone
		Ad-Hoc|iPhoneSimulator = Ad-Hoc|iPhoneSimulator
		Ad-Hoc|x64 = Ad-Hoc|x64
		Ad-Hoc|x86 = Ad-Hoc|x86
		AppStore|Any CPU = AppStore|Any CPU
		AppStore|ARM = AppStore|ARM
		AppStore|iPhone = AppStore|iPhone
		AppStore|iPhoneSimulator = AppStore|iPhoneSimulator
		AppStore|x64 = AppStore|x64
		AppStore|x86 = AppStore|x86
		Debug|Any CPU = Debug|Any CPU
		Debug|ARM = Debug|ARM
		Debug|iPhone = Debug|iPhone
		Debug|iPhoneSimulator = Debug|iPhoneSimulator
		Debug|x64 = Debug|x64
		Debug|x86 = Debug|x86
		Release|Any CPU = Release|Any CPU
		Release|ARM = Release|ARM
		Release|iPhone = Release|iPhone
		Release|iPhoneSimulator = Release|iPhoneSimulator
		Release|x64 = Release|x64
		Release|x86 = Release|x86
	EndGlobalSection
	GlobalSection(ProjectConfigurationPlatforms) = postSolution
		{CE6F6BFD-969F-4A53-A0BA-03CC22083A7C}.Ad-Hoc|Any CPU.ActiveCfg = Debug|Any CPU
		{CE6F6BFD-969F-4A53-A0BA-03CC22083A7C}.Ad-Hoc|Any CPU.Build.0 = Debug|Any CPU
		{CE6F6BFD-969F-4A53-A0BA-03CC22083A7C}.Ad-Hoc|ARM.ActiveCfg = Debug|Any CPU
		{CE6F6BFD-969F-4A53-A0BA-03CC22083A7C}.Ad-Hoc|ARM.Build.0 = Debug|Any CPU
		{CE6F6BFD-969F-4A53-A0BA-03CC22083A7C}.Ad-Hoc|iPhone.ActiveCfg = Debug|Any CPU
		{CE6F6BFD-969F-4A53-A0BA-03CC22083A7C}.Ad-Hoc|iPhone.Build.0 = Debug|Any CPU
		{CE6F6BFD-969F-4A53-A0BA-03CC22083A7C}.Ad-Hoc|iPhoneSimulator.ActiveCfg = Debug|Any CPU
		{CE6F6BFD-969F-4A53-A0BA-03CC22083A7C}.Ad-Hoc|iPhoneSimulator.Build.0 = Debug|Any CPU
		{CE6F6BFD-969F-4A53-A0BA-03CC22083A7C}.Ad-Hoc|x64.ActiveCfg = Debug|Any CPU
		{CE6F6BFD-969F-4A53-A0BA-03CC22083A7C}.Ad-Hoc|x64.Build.0 = Debug|Any CPU
		{CE6F6BFD-969F-4A53-A0BA-03CC22083A7C}.Ad-Hoc|x86.ActiveCfg = Debug|Any CPU
		{CE6F6BFD-969F-4A53-A0BA-03CC22083A7C}.Ad-Hoc|x86.Build.0 = Debug|Any CPU
		{CE6F6BFD-969F-4A53-A0BA-03CC22083A7C}.AppStore|Any CPU.ActiveCfg = Debug|Any CPU
		{CE6F6BFD-969F-4A53-A0BA-03CC22083A7C}.AppStore|Any CPU.Build.0 = Debug|Any CPU
		{CE6F6BFD-969F-4A53-A0BA-03CC22083A7C}.AppStore|ARM.ActiveCfg = Debug|Any CPU
		{CE6F6BFD-969F-4A53-A0BA-03CC22083A7C}.AppStore|ARM.Build.0 = Debug|Any CPU
		{CE6F6BFD-969F-4A53-A0BA-03CC22083A7C}.AppStore|iPhone.ActiveCfg = Debug|Any CPU
		{CE6F6BFD-969F-4A53-A0BA-03CC22083A7C}.AppStore|iPhone.Build.0 = Debug|Any CPU
		{CE6F6BFD-969F-4A53-A0BA-03CC22083A7C}.AppStore|iPhoneSimulator.ActiveCfg = Debug|Any CPU
		{CE6F6BFD-969F-4A53-A0BA-03CC22083A7C}.AppStore|iPhoneSimulator.Build.0 = Debug|Any CPU
		{CE6F6BFD-969F-4A53-A0BA-03CC22083A7C}.AppStore|x64.ActiveCfg = Debug|Any CPU
		{CE6F6BFD-969F-4A53-A0BA-03CC22083A7C}.AppStore|x64.Build.0 = Debug|Any CPU
		{CE6F6BFD-969F-4A53-A0BA-03CC22083A7C}.AppStore|x86.ActiveCfg = Debug|Any CPU
		{CE6F6BFD-969F-4A53-A0BA-03CC22083A7C}.AppStore|x86.Build.0 = Debug|Any CPU
		{CE6F6BFD-969F-4A53-A0BA-03CC22083A7C}.Debug|Any CPU.ActiveCfg = Debug|Any CPU
		{CE6F6BFD-969F-4A53-A0BA-03CC22083A7C}.Debug|Any CPU.Build.0 = Debug|Any CPU
		{CE6F6BFD-969F-4A53-A0BA-03CC22083A7C}.Debug|ARM.ActiveCfg = Debug|Any CPU
		{CE6F6BFD-969F-4A53-A0BA-03CC22083A7C}.Debug|ARM.Build.0 = Debug|Any CPU
		{CE6F6BFD-969F-4A53-A0BA-03CC22083A7C}.Debug|iPhone.ActiveCfg = Debug|Any CPU
		{CE6F6BFD-969F-4A53-A0BA-03CC22083A7C}.Debug|iPhone.Build.0 = Debug|Any CPU
		{CE6F6BFD-969F-4A53-A0BA-03CC22083A7C}.Debug|iPhoneSimulator.ActiveCfg = Debug|Any CPU
		{CE6F6BFD-969F-4A53-A0BA-03CC22083A7C}.Debug|iPhoneSimulator.Build.0 = Debug|Any CPU
		{CE6F6BFD-969F-4A53-A0BA-03CC22083A7C}.Debug|x64.ActiveCfg = Debug|Any CPU
		{CE6F6BFD-969F-4A53-A0BA-03CC22083A7C}.Debug|x64.Build.0 = Debug|Any CPU
		{CE6F6BFD-969F-4A53-A0BA-03CC22083A7C}.Debug|x86.ActiveCfg = Debug|Any CPU
		{CE6F6BFD-969F-4A53-A0BA-03CC22083A7C}.Debug|x86.Build.0 = Debug|Any CPU
		{CE6F6BFD-969F-4A53-A0BA-03CC22083A7C}.Release|Any CPU.ActiveCfg = Release|Any CPU
		{CE6F6BFD-969F-4A53-A0BA-03CC22083A7C}.Release|Any CPU.Build.0 = Release|Any CPU
		{CE6F6BFD-969F-4A53-A0BA-03CC22083A7C}.Release|ARM.ActiveCfg = Release|Any CPU
		{CE6F6BFD-969F-4A53-A0BA-03CC22083A7C}.Release|ARM.Build.0 = Release|Any CPU
		{CE6F6BFD-969F-4A53-A0BA-03CC22083A7C}.Release|iPhone.ActiveCfg = Release|Any CPU
		{CE6F6BFD-969F-4A53-A0BA-03CC22083A7C}.Release|iPhone.Build.0 = Release|Any CPU
		{CE6F6BFD-969F-4A53-A0BA-03CC22083A7C}.Release|iPhoneSimulator.ActiveCfg = Release|Any CPU
		{CE6F6BFD-969F-4A53-A0BA-03CC22083A7C}.Release|iPhoneSimulator.Build.0 = Release|Any CPU
		{CE6F6BFD-969F-4A53-A0BA-03CC22083A7C}.Release|x64.ActiveCfg = Release|Any CPU
		{CE6F6BFD-969F-4A53-A0BA-03CC22083A7C}.Release|x64.Build.0 = Release|Any CPU
		{CE6F6BFD-969F-4A53-A0BA-03CC22083A7C}.Release|x86.ActiveCfg = Release|Any CPU
		{CE6F6BFD-969F-4A53-A0BA-03CC22083A7C}.Release|x86.Build.0 = Release|Any CPU
		{7C95D0A9-597B-418F-9A25-C718036282F9}.Ad-Hoc|Any CPU.ActiveCfg = Ad-Hoc|iPhone
		{7C95D0A9-597B-418F-9A25-C718036282F9}.Ad-Hoc|ARM.ActiveCfg = Ad-Hoc|iPhone
		{7C95D0A9-597B-418F-9A25-C718036282F9}.Ad-Hoc|iPhone.ActiveCfg = Ad-Hoc|iPhone
		{7C95D0A9-597B-418F-9A25-C718036282F9}.Ad-Hoc|iPhone.Build.0 = Ad-Hoc|iPhone
		{7C95D0A9-597B-418F-9A25-C718036282F9}.Ad-Hoc|iPhoneSimulator.ActiveCfg = Ad-Hoc|iPhoneSimulator
		{7C95D0A9-597B-418F-9A25-C718036282F9}.Ad-Hoc|iPhoneSimulator.Build.0 = Ad-Hoc|iPhoneSimulator
		{7C95D0A9-597B-418F-9A25-C718036282F9}.Ad-Hoc|x64.ActiveCfg = Ad-Hoc|iPhone
		{7C95D0A9-597B-418F-9A25-C718036282F9}.Ad-Hoc|x86.ActiveCfg = Ad-Hoc|iPhone
		{7C95D0A9-597B-418F-9A25-C718036282F9}.AppStore|Any CPU.ActiveCfg = AppStore|iPhone
		{7C95D0A9-597B-418F-9A25-C718036282F9}.AppStore|ARM.ActiveCfg = AppStore|iPhone
		{7C95D0A9-597B-418F-9A25-C718036282F9}.AppStore|iPhone.ActiveCfg = AppStore|iPhone
		{7C95D0A9-597B-418F-9A25-C718036282F9}.AppStore|iPhone.Build.0 = AppStore|iPhone
		{7C95D0A9-597B-418F-9A25-C718036282F9}.AppStore|iPhoneSimulator.ActiveCfg = AppStore|iPhoneSimulator
		{7C95D0A9-597B-418F-9A25-C718036282F9}.AppStore|iPhoneSimulator.Build.0 = AppStore|iPhoneSimulator
		{7C95D0A9-597B-418F-9A25-C718036282F9}.AppStore|x64.ActiveCfg = AppStore|iPhone
		{7C95D0A9-597B-418F-9A25-C718036282F9}.AppStore|x86.ActiveCfg = AppStore|iPhone
		{7C95D0A9-597B-418F-9A25-C718036282F9}.Debug|Any CPU.ActiveCfg = Debug|iPhone
		{7C95D0A9-597B-418F-9A25-C718036282F9}.Debug|ARM.ActiveCfg = Debug|iPhone
		{7C95D0A9-597B-418F-9A25-C718036282F9}.Debug|iPhone.ActiveCfg = Debug|iPhone
		{7C95D0A9-597B-418F-9A25-C718036282F9}.Debug|iPhone.Build.0 = Debug|iPhone
		{7C95D0A9-597B-418F-9A25-C718036282F9}.Debug|iPhoneSimulator.ActiveCfg = Debug|iPhoneSimulator
		{7C95D0A9-597B-418F-9A25-C718036282F9}.Debug|iPhoneSimulator.Build.0 = Debug|iPhoneSimulator
		{7C95D0A9-597B-418F-9A25-C718036282F9}.Debug|x64.ActiveCfg = Debug|iPhone
		{7C95D0A9-597B-418F-9A25-C718036282F9}.Debug|x86.ActiveCfg = Debug|iPhone
		{7C95D0A9-597B-418F-9A25-C718036282F9}.Release|Any CPU.ActiveCfg = Release|iPhone
		{7C95D0A9-597B-418F-9A25-C718036282F9}.Release|ARM.ActiveCfg = Release|iPhone
		{7C95D0A9-597B-418F-9A25-C718036282F9}.Release|iPhone.ActiveCfg = Release|iPhone
		{7C95D0A9-597B-418F-9A25-C718036282F9}.Release|iPhone.Build.0 = Release|iPhone
		{7C95D0A9-597B-418F-9A25-C718036282F9}.Release|iPhoneSimulator.ActiveCfg = Release|iPhoneSimulator
		{7C95D0A9-597B-418F-9A25-C718036282F9}.Release|iPhoneSimulator.Build.0 = Release|iPhoneSimulator
		{7C95D0A9-597B-418F-9A25-C718036282F9}.Release|x64.ActiveCfg = Release|iPhone
		{7C95D0A9-597B-418F-9A25-C718036282F9}.Release|x86.ActiveCfg = Release|iPhone
		{2C7E5746-88AA-4881-B69A-0A515B04C438}.Ad-Hoc|Any CPU.ActiveCfg = Release|x86
		{2C7E5746-88AA-4881-B69A-0A515B04C438}.Ad-Hoc|Any CPU.Build.0 = Release|x86
		{2C7E5746-88AA-4881-B69A-0A515B04C438}.Ad-Hoc|Any CPU.Deploy.0 = Release|x86
		{2C7E5746-88AA-4881-B69A-0A515B04C438}.Ad-Hoc|ARM.ActiveCfg = Release|ARM
		{2C7E5746-88AA-4881-B69A-0A515B04C438}.Ad-Hoc|ARM.Build.0 = Release|ARM
		{2C7E5746-88AA-4881-B69A-0A515B04C438}.Ad-Hoc|ARM.Deploy.0 = Release|ARM
		{2C7E5746-88AA-4881-B69A-0A515B04C438}.Ad-Hoc|iPhone.ActiveCfg = Release|x86
		{2C7E5746-88AA-4881-B69A-0A515B04C438}.Ad-Hoc|iPhone.Build.0 = Release|x86
		{2C7E5746-88AA-4881-B69A-0A515B04C438}.Ad-Hoc|iPhone.Deploy.0 = Release|x86
		{2C7E5746-88AA-4881-B69A-0A515B04C438}.Ad-Hoc|iPhoneSimulator.ActiveCfg = Release|x86
		{2C7E5746-88AA-4881-B69A-0A515B04C438}.Ad-Hoc|iPhoneSimulator.Build.0 = Release|x86
		{2C7E5746-88AA-4881-B69A-0A515B04C438}.Ad-Hoc|iPhoneSimulator.Deploy.0 = Release|x86
		{2C7E5746-88AA-4881-B69A-0A515B04C438}.Ad-Hoc|x64.ActiveCfg = Release|x64
		{2C7E5746-88AA-4881-B69A-0A515B04C438}.Ad-Hoc|x64.Build.0 = Release|x64
		{2C7E5746-88AA-4881-B69A-0A515B04C438}.Ad-Hoc|x64.Deploy.0 = Release|x64
		{2C7E5746-88AA-4881-B69A-0A515B04C438}.Ad-Hoc|x86.ActiveCfg = Release|x86
		{2C7E5746-88AA-4881-B69A-0A515B04C438}.Ad-Hoc|x86.Build.0 = Release|x86
		{2C7E5746-88AA-4881-B69A-0A515B04C438}.Ad-Hoc|x86.Deploy.0 = Release|x86
		{2C7E5746-88AA-4881-B69A-0A515B04C438}.AppStore|Any CPU.ActiveCfg = Release|x86
		{2C7E5746-88AA-4881-B69A-0A515B04C438}.AppStore|Any CPU.Build.0 = Release|x86
		{2C7E5746-88AA-4881-B69A-0A515B04C438}.AppStore|Any CPU.Deploy.0 = Release|x86
		{2C7E5746-88AA-4881-B69A-0A515B04C438}.AppStore|ARM.ActiveCfg = Release|ARM
		{2C7E5746-88AA-4881-B69A-0A515B04C438}.AppStore|ARM.Build.0 = Release|ARM
		{2C7E5746-88AA-4881-B69A-0A515B04C438}.AppStore|ARM.Deploy.0 = Release|ARM
		{2C7E5746-88AA-4881-B69A-0A515B04C438}.AppStore|iPhone.ActiveCfg = Release|x86
		{2C7E5746-88AA-4881-B69A-0A515B04C438}.AppStore|iPhone.Build.0 = Release|x86
		{2C7E5746-88AA-4881-B69A-0A515B04C438}.AppStore|iPhone.Deploy.0 = Release|x86
		{2C7E5746-88AA-4881-B69A-0A515B04C438}.AppStore|iPhoneSimulator.ActiveCfg = Release|x86
		{2C7E5746-88AA-4881-B69A-0A515B04C438}.AppStore|iPhoneSimulator.Build.0 = Release|x86
		{2C7E5746-88AA-4881-B69A-0A515B04C438}.AppStore|iPhoneSimulator.Deploy.0 = Release|x86
		{2C7E5746-88AA-4881-B69A-0A515B04C438}.AppStore|x64.ActiveCfg = Release|x64
		{2C7E5746-88AA-4881-B69A-0A515B04C438}.AppStore|x64.Build.0 = Release|x64
		{2C7E5746-88AA-4881-B69A-0A515B04C438}.AppStore|x64.Deploy.0 = Release|x64
		{2C7E5746-88AA-4881-B69A-0A515B04C438}.AppStore|x86.ActiveCfg = Release|x86
		{2C7E5746-88AA-4881-B69A-0A515B04C438}.AppStore|x86.Build.0 = Release|x86
		{2C7E5746-88AA-4881-B69A-0A515B04C438}.AppStore|x86.Deploy.0 = Release|x86
		{2C7E5746-88AA-4881-B69A-0A515B04C438}.Debug|Any CPU.ActiveCfg = Debug|x86
		{2C7E5746-88AA-4881-B69A-0A515B04C438}.Debug|ARM.ActiveCfg = Debug|ARM
		{2C7E5746-88AA-4881-B69A-0A515B04C438}.Debug|ARM.Build.0 = Debug|ARM
		{2C7E5746-88AA-4881-B69A-0A515B04C438}.Debug|ARM.Deploy.0 = Debug|ARM
		{2C7E5746-88AA-4881-B69A-0A515B04C438}.Debug|iPhone.ActiveCfg = Debug|x86
		{2C7E5746-88AA-4881-B69A-0A515B04C438}.Debug|iPhoneSimulator.ActiveCfg = Debug|x86
		{2C7E5746-88AA-4881-B69A-0A515B04C438}.Debug|x64.ActiveCfg = Debug|x64
		{2C7E5746-88AA-4881-B69A-0A515B04C438}.Debug|x64.Build.0 = Debug|x64
		{2C7E5746-88AA-4881-B69A-0A515B04C438}.Debug|x64.Deploy.0 = Debug|x64
		{2C7E5746-88AA-4881-B69A-0A515B04C438}.Debug|x86.ActiveCfg = Debug|x86
		{2C7E5746-88AA-4881-B69A-0A515B04C438}.Debug|x86.Build.0 = Debug|x86
		{2C7E5746-88AA-4881-B69A-0A515B04C438}.Debug|x86.Deploy.0 = Debug|x86
		{2C7E5746-88AA-4881-B69A-0A515B04C438}.Release|Any CPU.ActiveCfg = Release|x86
		{2C7E5746-88AA-4881-B69A-0A515B04C438}.Release|ARM.ActiveCfg = Release|ARM
		{2C7E5746-88AA-4881-B69A-0A515B04C438}.Release|ARM.Build.0 = Release|ARM
		{2C7E5746-88AA-4881-B69A-0A515B04C438}.Release|ARM.Deploy.0 = Release|ARM
		{2C7E5746-88AA-4881-B69A-0A515B04C438}.Release|iPhone.ActiveCfg = Release|x86
		{2C7E5746-88AA-4881-B69A-0A515B04C438}.Release|iPhoneSimulator.ActiveCfg = Release|x86
		{2C7E5746-88AA-4881-B69A-0A515B04C438}.Release|x64.ActiveCfg = Release|x64
		{2C7E5746-88AA-4881-B69A-0A515B04C438}.Release|x64.Build.0 = Release|x64
		{2C7E5746-88AA-4881-B69A-0A515B04C438}.Release|x64.Deploy.0 = Release|x64
		{2C7E5746-88AA-4881-B69A-0A515B04C438}.Release|x86.ActiveCfg = Release|x86
		{2C7E5746-88AA-4881-B69A-0A515B04C438}.Release|x86.Build.0 = Release|x86
		{2C7E5746-88AA-4881-B69A-0A515B04C438}.Release|x86.Deploy.0 = Release|x86
		{9B854A02-FBDE-40C9-BD23-3725D81215EE}.Ad-Hoc|Any CPU.ActiveCfg = Release|Any CPU
		{9B854A02-FBDE-40C9-BD23-3725D81215EE}.Ad-Hoc|Any CPU.Build.0 = Release|Any CPU
		{9B854A02-FBDE-40C9-BD23-3725D81215EE}.Ad-Hoc|ARM.ActiveCfg = Release|Any CPU
		{9B854A02-FBDE-40C9-BD23-3725D81215EE}.Ad-Hoc|ARM.Build.0 = Release|Any CPU
		{9B854A02-FBDE-40C9-BD23-3725D81215EE}.Ad-Hoc|iPhone.ActiveCfg = Release|Any CPU
		{9B854A02-FBDE-40C9-BD23-3725D81215EE}.Ad-Hoc|iPhone.Build.0 = Release|Any CPU
		{9B854A02-FBDE-40C9-BD23-3725D81215EE}.Ad-Hoc|iPhoneSimulator.ActiveCfg = Release|Any CPU
		{9B854A02-FBDE-40C9-BD23-3725D81215EE}.Ad-Hoc|iPhoneSimulator.Build.0 = Release|Any CPU
		{9B854A02-FBDE-40C9-BD23-3725D81215EE}.Ad-Hoc|x64.ActiveCfg = Release|Any CPU
		{9B854A02-FBDE-40C9-BD23-3725D81215EE}.Ad-Hoc|x64.Build.0 = Release|Any CPU
		{9B854A02-FBDE-40C9-BD23-3725D81215EE}.Ad-Hoc|x86.ActiveCfg = Release|Any CPU
		{9B854A02-FBDE-40C9-BD23-3725D81215EE}.Ad-Hoc|x86.Build.0 = Release|Any CPU
		{9B854A02-FBDE-40C9-BD23-3725D81215EE}.AppStore|Any CPU.ActiveCfg = Release|Any CPU
		{9B854A02-FBDE-40C9-BD23-3725D81215EE}.AppStore|Any CPU.Build.0 = Release|Any CPU
		{9B854A02-FBDE-40C9-BD23-3725D81215EE}.AppStore|ARM.ActiveCfg = Release|Any CPU
		{9B854A02-FBDE-40C9-BD23-3725D81215EE}.AppStore|ARM.Build.0 = Release|Any CPU
		{9B854A02-FBDE-40C9-BD23-3725D81215EE}.AppStore|iPhone.ActiveCfg = Release|Any CPU
		{9B854A02-FBDE-40C9-BD23-3725D81215EE}.AppStore|iPhone.Build.0 = Release|Any CPU
		{9B854A02-FBDE-40C9-BD23-3725D81215EE}.AppStore|iPhoneSimulator.ActiveCfg = Release|Any CPU
		{9B854A02-FBDE-40C9-BD23-3725D81215EE}.AppStore|iPhoneSimulator.Build.0 = Release|Any CPU
		{9B854A02-FBDE-40C9-BD23-3725D81215EE}.AppStore|x64.ActiveCfg = Release|Any CPU
		{9B854A02-FBDE-40C9-BD23-3725D81215EE}.AppStore|x64.Build.0 = Release|Any CPU
		{9B854A02-FBDE-40C9-BD23-3725D81215EE}.AppStore|x86.ActiveCfg = Release|Any CPU
		{9B854A02-FBDE-40C9-BD23-3725D81215EE}.AppStore|x86.Build.0 = Release|Any CPU
		{9B854A02-FBDE-40C9-BD23-3725D81215EE}.Debug|Any CPU.ActiveCfg = Debug|Any CPU
		{9B854A02-FBDE-40C9-BD23-3725D81215EE}.Debug|Any CPU.Build.0 = Debug|Any CPU
		{9B854A02-FBDE-40C9-BD23-3725D81215EE}.Debug|ARM.ActiveCfg = Debug|Any CPU
		{9B854A02-FBDE-40C9-BD23-3725D81215EE}.Debug|ARM.Build.0 = Debug|Any CPU
		{9B854A02-FBDE-40C9-BD23-3725D81215EE}.Debug|iPhone.ActiveCfg = Debug|Any CPU
		{9B854A02-FBDE-40C9-BD23-3725D81215EE}.Debug|iPhone.Build.0 = Debug|Any CPU
		{9B854A02-FBDE-40C9-BD23-3725D81215EE}.Debug|iPhoneSimulator.ActiveCfg = Debug|Any CPU
		{9B854A02-FBDE-40C9-BD23-3725D81215EE}.Debug|iPhoneSimulator.Build.0 = Debug|Any CPU
		{9B854A02-FBDE-40C9-BD23-3725D81215EE}.Debug|x64.ActiveCfg = Debug|Any CPU
		{9B854A02-FBDE-40C9-BD23-3725D81215EE}.Debug|x64.Build.0 = Debug|Any CPU
		{9B854A02-FBDE-40C9-BD23-3725D81215EE}.Debug|x86.ActiveCfg = Debug|Any CPU
		{9B854A02-FBDE-40C9-BD23-3725D81215EE}.Debug|x86.Build.0 = Debug|Any CPU
		{9B854A02-FBDE-40C9-BD23-3725D81215EE}.Release|Any CPU.ActiveCfg = Release|Any CPU
		{9B854A02-FBDE-40C9-BD23-3725D81215EE}.Release|Any CPU.Build.0 = Release|Any CPU
		{9B854A02-FBDE-40C9-BD23-3725D81215EE}.Release|ARM.ActiveCfg = Release|Any CPU
		{9B854A02-FBDE-40C9-BD23-3725D81215EE}.Release|ARM.Build.0 = Release|Any CPU
		{9B854A02-FBDE-40C9-BD23-3725D81215EE}.Release|iPhone.ActiveCfg = Release|Any CPU
		{9B854A02-FBDE-40C9-BD23-3725D81215EE}.Release|iPhone.Build.0 = Release|Any CPU
		{9B854A02-FBDE-40C9-BD23-3725D81215EE}.Release|iPhoneSimulator.ActiveCfg = Release|Any CPU
		{9B854A02-FBDE-40C9-BD23-3725D81215EE}.Release|iPhoneSimulator.Build.0 = Release|Any CPU
		{9B854A02-FBDE-40C9-BD23-3725D81215EE}.Release|x64.ActiveCfg = Release|Any CPU
		{9B854A02-FBDE-40C9-BD23-3725D81215EE}.Release|x64.Build.0 = Release|Any CPU
		{9B854A02-FBDE-40C9-BD23-3725D81215EE}.Release|x86.ActiveCfg = Release|Any CPU
		{9B854A02-FBDE-40C9-BD23-3725D81215EE}.Release|x86.Build.0 = Release|Any CPU
		{CAF1CF0F-2805-434C-8AC9-806C1B42FD41}.Ad-Hoc|Any CPU.ActiveCfg = Release|Any CPU
		{CAF1CF0F-2805-434C-8AC9-806C1B42FD41}.Ad-Hoc|Any CPU.Build.0 = Release|Any CPU
		{CAF1CF0F-2805-434C-8AC9-806C1B42FD41}.Ad-Hoc|ARM.ActiveCfg = Release|Any CPU
		{CAF1CF0F-2805-434C-8AC9-806C1B42FD41}.Ad-Hoc|ARM.Build.0 = Release|Any CPU
		{CAF1CF0F-2805-434C-8AC9-806C1B42FD41}.Ad-Hoc|iPhone.ActiveCfg = Release|Any CPU
		{CAF1CF0F-2805-434C-8AC9-806C1B42FD41}.Ad-Hoc|iPhone.Build.0 = Release|Any CPU
		{CAF1CF0F-2805-434C-8AC9-806C1B42FD41}.Ad-Hoc|iPhoneSimulator.ActiveCfg = Release|Any CPU
		{CAF1CF0F-2805-434C-8AC9-806C1B42FD41}.Ad-Hoc|iPhoneSimulator.Build.0 = Release|Any CPU
		{CAF1CF0F-2805-434C-8AC9-806C1B42FD41}.Ad-Hoc|x64.ActiveCfg = Release|Any CPU
		{CAF1CF0F-2805-434C-8AC9-806C1B42FD41}.Ad-Hoc|x64.Build.0 = Release|Any CPU
		{CAF1CF0F-2805-434C-8AC9-806C1B42FD41}.Ad-Hoc|x86.ActiveCfg = Release|Any CPU
		{CAF1CF0F-2805-434C-8AC9-806C1B42FD41}.Ad-Hoc|x86.Build.0 = Release|Any CPU
		{CAF1CF0F-2805-434C-8AC9-806C1B42FD41}.AppStore|Any CPU.ActiveCfg = Release|Any CPU
		{CAF1CF0F-2805-434C-8AC9-806C1B42FD41}.AppStore|Any CPU.Build.0 = Release|Any CPU
		{CAF1CF0F-2805-434C-8AC9-806C1B42FD41}.AppStore|ARM.ActiveCfg = Release|Any CPU
		{CAF1CF0F-2805-434C-8AC9-806C1B42FD41}.AppStore|ARM.Build.0 = Release|Any CPU
		{CAF1CF0F-2805-434C-8AC9-806C1B42FD41}.AppStore|iPhone.ActiveCfg = Release|Any CPU
		{CAF1CF0F-2805-434C-8AC9-806C1B42FD41}.AppStore|iPhone.Build.0 = Release|Any CPU
		{CAF1CF0F-2805-434C-8AC9-806C1B42FD41}.AppStore|iPhoneSimulator.ActiveCfg = Release|Any CPU
		{CAF1CF0F-2805-434C-8AC9-806C1B42FD41}.AppStore|iPhoneSimulator.Build.0 = Release|Any CPU
		{CAF1CF0F-2805-434C-8AC9-806C1B42FD41}.AppStore|x64.ActiveCfg = Release|Any CPU
		{CAF1CF0F-2805-434C-8AC9-806C1B42FD41}.AppStore|x64.Build.0 = Release|Any CPU
		{CAF1CF0F-2805-434C-8AC9-806C1B42FD41}.AppStore|x86.ActiveCfg = Release|Any CPU
		{CAF1CF0F-2805-434C-8AC9-806C1B42FD41}.AppStore|x86.Build.0 = Release|Any CPU
		{CAF1CF0F-2805-434C-8AC9-806C1B42FD41}.Debug|Any CPU.ActiveCfg = Debug|Any CPU
		{CAF1CF0F-2805-434C-8AC9-806C1B42FD41}.Debug|Any CPU.Build.0 = Debug|Any CPU
		{CAF1CF0F-2805-434C-8AC9-806C1B42FD41}.Debug|ARM.ActiveCfg = Debug|Any CPU
		{CAF1CF0F-2805-434C-8AC9-806C1B42FD41}.Debug|ARM.Build.0 = Debug|Any CPU
		{CAF1CF0F-2805-434C-8AC9-806C1B42FD41}.Debug|iPhone.ActiveCfg = Debug|Any CPU
		{CAF1CF0F-2805-434C-8AC9-806C1B42FD41}.Debug|iPhone.Build.0 = Debug|Any CPU
		{CAF1CF0F-2805-434C-8AC9-806C1B42FD41}.Debug|iPhoneSimulator.ActiveCfg = Debug|Any CPU
		{CAF1CF0F-2805-434C-8AC9-806C1B42FD41}.Debug|iPhoneSimulator.Build.0 = Debug|Any CPU
		{CAF1CF0F-2805-434C-8AC9-806C1B42FD41}.Debug|x64.ActiveCfg = Debug|Any CPU
		{CAF1CF0F-2805-434C-8AC9-806C1B42FD41}.Debug|x64.Build.0 = Debug|Any CPU
		{CAF1CF0F-2805-434C-8AC9-806C1B42FD41}.Debug|x86.ActiveCfg = Debug|Any CPU
		{CAF1CF0F-2805-434C-8AC9-806C1B42FD41}.Debug|x86.Build.0 = Debug|Any CPU
		{CAF1CF0F-2805-434C-8AC9-806C1B42FD41}.Release|Any CPU.ActiveCfg = Release|Any CPU
		{CAF1CF0F-2805-434C-8AC9-806C1B42FD41}.Release|Any CPU.Build.0 = Release|Any CPU
		{CAF1CF0F-2805-434C-8AC9-806C1B42FD41}.Release|ARM.ActiveCfg = Release|Any CPU
		{CAF1CF0F-2805-434C-8AC9-806C1B42FD41}.Release|ARM.Build.0 = Release|Any CPU
		{CAF1CF0F-2805-434C-8AC9-806C1B42FD41}.Release|iPhone.ActiveCfg = Release|Any CPU
		{CAF1CF0F-2805-434C-8AC9-806C1B42FD41}.Release|iPhone.Build.0 = Release|Any CPU
		{CAF1CF0F-2805-434C-8AC9-806C1B42FD41}.Release|iPhoneSimulator.ActiveCfg = Release|Any CPU
		{CAF1CF0F-2805-434C-8AC9-806C1B42FD41}.Release|iPhoneSimulator.Build.0 = Release|Any CPU
		{CAF1CF0F-2805-434C-8AC9-806C1B42FD41}.Release|x64.ActiveCfg = Release|Any CPU
		{CAF1CF0F-2805-434C-8AC9-806C1B42FD41}.Release|x64.Build.0 = Release|Any CPU
		{CAF1CF0F-2805-434C-8AC9-806C1B42FD41}.Release|x86.ActiveCfg = Release|Any CPU
		{CAF1CF0F-2805-434C-8AC9-806C1B42FD41}.Release|x86.Build.0 = Release|Any CPU
		{2AC697E6-2979-4897-BD9D-28906C36B112}.Ad-Hoc|Any CPU.ActiveCfg = Release|Any CPU
		{2AC697E6-2979-4897-BD9D-28906C36B112}.Ad-Hoc|Any CPU.Build.0 = Release|Any CPU
		{2AC697E6-2979-4897-BD9D-28906C36B112}.Ad-Hoc|ARM.ActiveCfg = Release|Any CPU
		{2AC697E6-2979-4897-BD9D-28906C36B112}.Ad-Hoc|ARM.Build.0 = Release|Any CPU
		{2AC697E6-2979-4897-BD9D-28906C36B112}.Ad-Hoc|iPhone.ActiveCfg = Release|Any CPU
		{2AC697E6-2979-4897-BD9D-28906C36B112}.Ad-Hoc|iPhone.Build.0 = Release|Any CPU
		{2AC697E6-2979-4897-BD9D-28906C36B112}.Ad-Hoc|iPhoneSimulator.ActiveCfg = Release|Any CPU
		{2AC697E6-2979-4897-BD9D-28906C36B112}.Ad-Hoc|iPhoneSimulator.Build.0 = Release|Any CPU
		{2AC697E6-2979-4897-BD9D-28906C36B112}.Ad-Hoc|x64.ActiveCfg = Release|Any CPU
		{2AC697E6-2979-4897-BD9D-28906C36B112}.Ad-Hoc|x64.Build.0 = Release|Any CPU
		{2AC697E6-2979-4897-BD9D-28906C36B112}.Ad-Hoc|x86.ActiveCfg = Release|Any CPU
		{2AC697E6-2979-4897-BD9D-28906C36B112}.Ad-Hoc|x86.Build.0 = Release|Any CPU
		{2AC697E6-2979-4897-BD9D-28906C36B112}.AppStore|Any CPU.ActiveCfg = Release|Any CPU
		{2AC697E6-2979-4897-BD9D-28906C36B112}.AppStore|Any CPU.Build.0 = Release|Any CPU
		{2AC697E6-2979-4897-BD9D-28906C36B112}.AppStore|ARM.ActiveCfg = Release|Any CPU
		{2AC697E6-2979-4897-BD9D-28906C36B112}.AppStore|ARM.Build.0 = Release|Any CPU
		{2AC697E6-2979-4897-BD9D-28906C36B112}.AppStore|iPhone.ActiveCfg = Release|Any CPU
		{2AC697E6-2979-4897-BD9D-28906C36B112}.AppStore|iPhone.Build.0 = Release|Any CPU
		{2AC697E6-2979-4897-BD9D-28906C36B112}.AppStore|iPhoneSimulator.ActiveCfg = Release|Any CPU
		{2AC697E6-2979-4897-BD9D-28906C36B112}.AppStore|iPhoneSimulator.Build.0 = Release|Any CPU
		{2AC697E6-2979-4897-BD9D-28906C36B112}.AppStore|x64.ActiveCfg = Release|Any CPU
		{2AC697E6-2979-4897-BD9D-28906C36B112}.AppStore|x64.Build.0 = Release|Any CPU
		{2AC697E6-2979-4897-BD9D-28906C36B112}.AppStore|x86.ActiveCfg = Release|Any CPU
		{2AC697E6-2979-4897-BD9D-28906C36B112}.AppStore|x86.Build.0 = Release|Any CPU
		{2AC697E6-2979-4897-BD9D-28906C36B112}.Debug|Any CPU.ActiveCfg = Debug|Any CPU
		{2AC697E6-2979-4897-BD9D-28906C36B112}.Debug|Any CPU.Build.0 = Debug|Any CPU
		{2AC697E6-2979-4897-BD9D-28906C36B112}.Debug|Any CPU.Deploy.0 = Debug|Any CPU
		{2AC697E6-2979-4897-BD9D-28906C36B112}.Debug|ARM.ActiveCfg = Debug|Any CPU
		{2AC697E6-2979-4897-BD9D-28906C36B112}.Debug|ARM.Build.0 = Debug|Any CPU
		{2AC697E6-2979-4897-BD9D-28906C36B112}.Debug|iPhone.ActiveCfg = Debug|Any CPU
		{2AC697E6-2979-4897-BD9D-28906C36B112}.Debug|iPhone.Build.0 = Debug|Any CPU
		{2AC697E6-2979-4897-BD9D-28906C36B112}.Debug|iPhoneSimulator.ActiveCfg = Debug|Any CPU
		{2AC697E6-2979-4897-BD9D-28906C36B112}.Debug|iPhoneSimulator.Build.0 = Debug|Any CPU
		{2AC697E6-2979-4897-BD9D-28906C36B112}.Debug|x64.ActiveCfg = Debug|Any CPU
		{2AC697E6-2979-4897-BD9D-28906C36B112}.Debug|x64.Build.0 = Debug|Any CPU
		{2AC697E6-2979-4897-BD9D-28906C36B112}.Debug|x86.ActiveCfg = Debug|Any CPU
		{2AC697E6-2979-4897-BD9D-28906C36B112}.Debug|x86.Build.0 = Debug|Any CPU
		{2AC697E6-2979-4897-BD9D-28906C36B112}.Release|Any CPU.ActiveCfg = Release|Any CPU
		{2AC697E6-2979-4897-BD9D-28906C36B112}.Release|Any CPU.Build.0 = Release|Any CPU
		{2AC697E6-2979-4897-BD9D-28906C36B112}.Release|Any CPU.Deploy.0 = Release|Any CPU
		{2AC697E6-2979-4897-BD9D-28906C36B112}.Release|ARM.ActiveCfg = Release|Any CPU
		{2AC697E6-2979-4897-BD9D-28906C36B112}.Release|ARM.Build.0 = Release|Any CPU
		{2AC697E6-2979-4897-BD9D-28906C36B112}.Release|iPhone.ActiveCfg = Release|Any CPU
		{2AC697E6-2979-4897-BD9D-28906C36B112}.Release|iPhone.Build.0 = Release|Any CPU
		{2AC697E6-2979-4897-BD9D-28906C36B112}.Release|iPhoneSimulator.ActiveCfg = Release|Any CPU
		{2AC697E6-2979-4897-BD9D-28906C36B112}.Release|iPhoneSimulator.Build.0 = Release|Any CPU
		{2AC697E6-2979-4897-BD9D-28906C36B112}.Release|x64.ActiveCfg = Release|Any CPU
		{2AC697E6-2979-4897-BD9D-28906C36B112}.Release|x64.Build.0 = Release|Any CPU
		{2AC697E6-2979-4897-BD9D-28906C36B112}.Release|x86.ActiveCfg = Release|Any CPU
		{2AC697E6-2979-4897-BD9D-28906C36B112}.Release|x86.Build.0 = Release|Any CPU
		{EB1D1958-6444-4B84-91F3-1CC9D43AD971}.Ad-Hoc|Any CPU.ActiveCfg = Release|Any CPU
		{EB1D1958-6444-4B84-91F3-1CC9D43AD971}.Ad-Hoc|Any CPU.Build.0 = Release|Any CPU
		{EB1D1958-6444-4B84-91F3-1CC9D43AD971}.Ad-Hoc|ARM.ActiveCfg = Release|Any CPU
		{EB1D1958-6444-4B84-91F3-1CC9D43AD971}.Ad-Hoc|ARM.Build.0 = Release|Any CPU
		{EB1D1958-6444-4B84-91F3-1CC9D43AD971}.Ad-Hoc|iPhone.ActiveCfg = Release|Any CPU
		{EB1D1958-6444-4B84-91F3-1CC9D43AD971}.Ad-Hoc|iPhone.Build.0 = Release|Any CPU
		{EB1D1958-6444-4B84-91F3-1CC9D43AD971}.Ad-Hoc|iPhoneSimulator.ActiveCfg = Release|Any CPU
		{EB1D1958-6444-4B84-91F3-1CC9D43AD971}.Ad-Hoc|iPhoneSimulator.Build.0 = Release|Any CPU
		{EB1D1958-6444-4B84-91F3-1CC9D43AD971}.Ad-Hoc|x64.ActiveCfg = Release|Any CPU
		{EB1D1958-6444-4B84-91F3-1CC9D43AD971}.Ad-Hoc|x64.Build.0 = Release|Any CPU
		{EB1D1958-6444-4B84-91F3-1CC9D43AD971}.Ad-Hoc|x86.ActiveCfg = Release|Any CPU
		{EB1D1958-6444-4B84-91F3-1CC9D43AD971}.Ad-Hoc|x86.Build.0 = Release|Any CPU
		{EB1D1958-6444-4B84-91F3-1CC9D43AD971}.AppStore|Any CPU.ActiveCfg = Release|Any CPU
		{EB1D1958-6444-4B84-91F3-1CC9D43AD971}.AppStore|Any CPU.Build.0 = Release|Any CPU
		{EB1D1958-6444-4B84-91F3-1CC9D43AD971}.AppStore|ARM.ActiveCfg = Release|Any CPU
		{EB1D1958-6444-4B84-91F3-1CC9D43AD971}.AppStore|ARM.Build.0 = Release|Any CPU
		{EB1D1958-6444-4B84-91F3-1CC9D43AD971}.AppStore|iPhone.ActiveCfg = Release|Any CPU
		{EB1D1958-6444-4B84-91F3-1CC9D43AD971}.AppStore|iPhone.Build.0 = Release|Any CPU
		{EB1D1958-6444-4B84-91F3-1CC9D43AD971}.AppStore|iPhoneSimulator.ActiveCfg = Release|Any CPU
		{EB1D1958-6444-4B84-91F3-1CC9D43AD971}.AppStore|iPhoneSimulator.Build.0 = Release|Any CPU
		{EB1D1958-6444-4B84-91F3-1CC9D43AD971}.AppStore|x64.ActiveCfg = Release|Any CPU
		{EB1D1958-6444-4B84-91F3-1CC9D43AD971}.AppStore|x64.Build.0 = Release|Any CPU
		{EB1D1958-6444-4B84-91F3-1CC9D43AD971}.AppStore|x86.ActiveCfg = Release|Any CPU
		{EB1D1958-6444-4B84-91F3-1CC9D43AD971}.AppStore|x86.Build.0 = Release|Any CPU
		{EB1D1958-6444-4B84-91F3-1CC9D43AD971}.Debug|Any CPU.ActiveCfg = Debug|Any CPU
		{EB1D1958-6444-4B84-91F3-1CC9D43AD971}.Debug|Any CPU.Build.0 = Debug|Any CPU
		{EB1D1958-6444-4B84-91F3-1CC9D43AD971}.Debug|ARM.ActiveCfg = Debug|Any CPU
		{EB1D1958-6444-4B84-91F3-1CC9D43AD971}.Debug|ARM.Build.0 = Debug|Any CPU
		{EB1D1958-6444-4B84-91F3-1CC9D43AD971}.Debug|iPhone.ActiveCfg = Debug|Any CPU
		{EB1D1958-6444-4B84-91F3-1CC9D43AD971}.Debug|iPhone.Build.0 = Debug|Any CPU
		{EB1D1958-6444-4B84-91F3-1CC9D43AD971}.Debug|iPhoneSimulator.ActiveCfg = Debug|Any CPU
		{EB1D1958-6444-4B84-91F3-1CC9D43AD971}.Debug|iPhoneSimulator.Build.0 = Debug|Any CPU
		{EB1D1958-6444-4B84-91F3-1CC9D43AD971}.Debug|x64.ActiveCfg = Debug|Any CPU
		{EB1D1958-6444-4B84-91F3-1CC9D43AD971}.Debug|x64.Build.0 = Debug|Any CPU
		{EB1D1958-6444-4B84-91F3-1CC9D43AD971}.Debug|x86.ActiveCfg = Debug|Any CPU
		{EB1D1958-6444-4B84-91F3-1CC9D43AD971}.Debug|x86.Build.0 = Debug|Any CPU
		{EB1D1958-6444-4B84-91F3-1CC9D43AD971}.Release|Any CPU.ActiveCfg = Release|Any CPU
		{EB1D1958-6444-4B84-91F3-1CC9D43AD971}.Release|Any CPU.Build.0 = Release|Any CPU
		{EB1D1958-6444-4B84-91F3-1CC9D43AD971}.Release|ARM.ActiveCfg = Release|Any CPU
		{EB1D1958-6444-4B84-91F3-1CC9D43AD971}.Release|ARM.Build.0 = Release|Any CPU
		{EB1D1958-6444-4B84-91F3-1CC9D43AD971}.Release|iPhone.ActiveCfg = Release|Any CPU
		{EB1D1958-6444-4B84-91F3-1CC9D43AD971}.Release|iPhone.Build.0 = Release|Any CPU
		{EB1D1958-6444-4B84-91F3-1CC9D43AD971}.Release|iPhoneSimulator.ActiveCfg = Release|Any CPU
		{EB1D1958-6444-4B84-91F3-1CC9D43AD971}.Release|iPhoneSimulator.Build.0 = Release|Any CPU
		{EB1D1958-6444-4B84-91F3-1CC9D43AD971}.Release|x64.ActiveCfg = Release|Any CPU
		{EB1D1958-6444-4B84-91F3-1CC9D43AD971}.Release|x64.Build.0 = Release|Any CPU
		{EB1D1958-6444-4B84-91F3-1CC9D43AD971}.Release|x86.ActiveCfg = Release|Any CPU
		{EB1D1958-6444-4B84-91F3-1CC9D43AD971}.Release|x86.Build.0 = Release|Any CPU
		{4F472118-8FDD-40F6-A2AB-E121C815DCE9}.Ad-Hoc|Any CPU.ActiveCfg = Release|x64
		{4F472118-8FDD-40F6-A2AB-E121C815DCE9}.Ad-Hoc|Any CPU.Build.0 = Release|x64
		{4F472118-8FDD-40F6-A2AB-E121C815DCE9}.Ad-Hoc|Any CPU.Deploy.0 = Release|x64
		{4F472118-8FDD-40F6-A2AB-E121C815DCE9}.Ad-Hoc|ARM.ActiveCfg = Release|ARM
		{4F472118-8FDD-40F6-A2AB-E121C815DCE9}.Ad-Hoc|ARM.Build.0 = Release|ARM
		{4F472118-8FDD-40F6-A2AB-E121C815DCE9}.Ad-Hoc|ARM.Deploy.0 = Release|ARM
		{4F472118-8FDD-40F6-A2AB-E121C815DCE9}.Ad-Hoc|ARM64.ActiveCfg = Release|ARM64
		{4F472118-8FDD-40F6-A2AB-E121C815DCE9}.Ad-Hoc|ARM64.Build.0 = Release|ARM64
		{4F472118-8FDD-40F6-A2AB-E121C815DCE9}.Ad-Hoc|ARM64.Deploy.0 = Release|ARM64
		{4F472118-8FDD-40F6-A2AB-E121C815DCE9}.Ad-Hoc|iPhone.ActiveCfg = Release|x64
		{4F472118-8FDD-40F6-A2AB-E121C815DCE9}.Ad-Hoc|iPhone.Build.0 = Release|x64
		{4F472118-8FDD-40F6-A2AB-E121C815DCE9}.Ad-Hoc|iPhone.Deploy.0 = Release|x64
		{4F472118-8FDD-40F6-A2AB-E121C815DCE9}.Ad-Hoc|iPhoneSimulator.ActiveCfg = Release|x64
		{4F472118-8FDD-40F6-A2AB-E121C815DCE9}.Ad-Hoc|iPhoneSimulator.Build.0 = Release|x64
		{4F472118-8FDD-40F6-A2AB-E121C815DCE9}.Ad-Hoc|iPhoneSimulator.Deploy.0 = Release|x64
		{4F472118-8FDD-40F6-A2AB-E121C815DCE9}.Ad-Hoc|x64.ActiveCfg = Release|x64
		{4F472118-8FDD-40F6-A2AB-E121C815DCE9}.Ad-Hoc|x64.Build.0 = Release|x64
		{4F472118-8FDD-40F6-A2AB-E121C815DCE9}.Ad-Hoc|x64.Deploy.0 = Release|x64
		{4F472118-8FDD-40F6-A2AB-E121C815DCE9}.Ad-Hoc|x86.ActiveCfg = Release|x86
		{4F472118-8FDD-40F6-A2AB-E121C815DCE9}.Ad-Hoc|x86.Build.0 = Release|x86
		{4F472118-8FDD-40F6-A2AB-E121C815DCE9}.Ad-Hoc|x86.Deploy.0 = Release|x86
		{4F472118-8FDD-40F6-A2AB-E121C815DCE9}.AppStore|Any CPU.ActiveCfg = Release|x64
		{4F472118-8FDD-40F6-A2AB-E121C815DCE9}.AppStore|Any CPU.Build.0 = Release|x64
		{4F472118-8FDD-40F6-A2AB-E121C815DCE9}.AppStore|Any CPU.Deploy.0 = Release|x64
		{4F472118-8FDD-40F6-A2AB-E121C815DCE9}.AppStore|ARM.ActiveCfg = Release|ARM
		{4F472118-8FDD-40F6-A2AB-E121C815DCE9}.AppStore|ARM.Build.0 = Release|ARM
		{4F472118-8FDD-40F6-A2AB-E121C815DCE9}.AppStore|ARM.Deploy.0 = Release|ARM
		{4F472118-8FDD-40F6-A2AB-E121C815DCE9}.AppStore|ARM64.ActiveCfg = Release|ARM64
		{4F472118-8FDD-40F6-A2AB-E121C815DCE9}.AppStore|ARM64.Build.0 = Release|ARM64
		{4F472118-8FDD-40F6-A2AB-E121C815DCE9}.AppStore|ARM64.Deploy.0 = Release|ARM64
		{4F472118-8FDD-40F6-A2AB-E121C815DCE9}.AppStore|iPhone.ActiveCfg = Release|x64
		{4F472118-8FDD-40F6-A2AB-E121C815DCE9}.AppStore|iPhone.Build.0 = Release|x64
		{4F472118-8FDD-40F6-A2AB-E121C815DCE9}.AppStore|iPhone.Deploy.0 = Release|x64
		{4F472118-8FDD-40F6-A2AB-E121C815DCE9}.AppStore|iPhoneSimulator.ActiveCfg = Release|x64
		{4F472118-8FDD-40F6-A2AB-E121C815DCE9}.AppStore|iPhoneSimulator.Build.0 = Release|x64
		{4F472118-8FDD-40F6-A2AB-E121C815DCE9}.AppStore|iPhoneSimulator.Deploy.0 = Release|x64
		{4F472118-8FDD-40F6-A2AB-E121C815DCE9}.AppStore|x64.ActiveCfg = Release|x64
		{4F472118-8FDD-40F6-A2AB-E121C815DCE9}.AppStore|x64.Build.0 = Release|x64
		{4F472118-8FDD-40F6-A2AB-E121C815DCE9}.AppStore|x64.Deploy.0 = Release|x64
		{4F472118-8FDD-40F6-A2AB-E121C815DCE9}.AppStore|x86.ActiveCfg = Release|x86
		{4F472118-8FDD-40F6-A2AB-E121C815DCE9}.AppStore|x86.Build.0 = Release|x86
		{4F472118-8FDD-40F6-A2AB-E121C815DCE9}.AppStore|x86.Deploy.0 = Release|x86
		{4F472118-8FDD-40F6-A2AB-E121C815DCE9}.Debug|Any CPU.ActiveCfg = Debug|x86
		{4F472118-8FDD-40F6-A2AB-E121C815DCE9}.Debug|ARM.ActiveCfg = Debug|ARM
		{4F472118-8FDD-40F6-A2AB-E121C815DCE9}.Debug|ARM.Build.0 = Debug|ARM
		{4F472118-8FDD-40F6-A2AB-E121C815DCE9}.Debug|ARM.Deploy.0 = Debug|ARM
		{4F472118-8FDD-40F6-A2AB-E121C815DCE9}.Debug|ARM64.ActiveCfg = Debug|ARM64
		{4F472118-8FDD-40F6-A2AB-E121C815DCE9}.Debug|ARM64.Build.0 = Debug|ARM64
		{4F472118-8FDD-40F6-A2AB-E121C815DCE9}.Debug|ARM64.Deploy.0 = Debug|ARM64
		{4F472118-8FDD-40F6-A2AB-E121C815DCE9}.Debug|iPhone.ActiveCfg = Debug|x86
		{4F472118-8FDD-40F6-A2AB-E121C815DCE9}.Debug|iPhoneSimulator.ActiveCfg = Debug|x86
		{4F472118-8FDD-40F6-A2AB-E121C815DCE9}.Debug|x64.ActiveCfg = Debug|x64
		{4F472118-8FDD-40F6-A2AB-E121C815DCE9}.Debug|x64.Build.0 = Debug|x64
		{4F472118-8FDD-40F6-A2AB-E121C815DCE9}.Debug|x64.Deploy.0 = Debug|x64
		{4F472118-8FDD-40F6-A2AB-E121C815DCE9}.Debug|x86.ActiveCfg = Debug|x86
		{4F472118-8FDD-40F6-A2AB-E121C815DCE9}.Debug|x86.Build.0 = Debug|x86
		{4F472118-8FDD-40F6-A2AB-E121C815DCE9}.Debug|x86.Deploy.0 = Debug|x86
		{4F472118-8FDD-40F6-A2AB-E121C815DCE9}.Release|Any CPU.ActiveCfg = Release|x86
		{4F472118-8FDD-40F6-A2AB-E121C815DCE9}.Release|ARM.ActiveCfg = Release|ARM
		{4F472118-8FDD-40F6-A2AB-E121C815DCE9}.Release|ARM.Build.0 = Release|ARM
		{4F472118-8FDD-40F6-A2AB-E121C815DCE9}.Release|ARM.Deploy.0 = Release|ARM
		{4F472118-8FDD-40F6-A2AB-E121C815DCE9}.Release|ARM64.ActiveCfg = Release|ARM64
		{4F472118-8FDD-40F6-A2AB-E121C815DCE9}.Release|ARM64.Build.0 = Release|ARM64
		{4F472118-8FDD-40F6-A2AB-E121C815DCE9}.Release|ARM64.Deploy.0 = Release|ARM64
		{4F472118-8FDD-40F6-A2AB-E121C815DCE9}.Release|iPhone.ActiveCfg = Release|x86
		{4F472118-8FDD-40F6-A2AB-E121C815DCE9}.Release|iPhoneSimulator.ActiveCfg = Release|x86
		{4F472118-8FDD-40F6-A2AB-E121C815DCE9}.Release|x64.ActiveCfg = Release|x64
		{4F472118-8FDD-40F6-A2AB-E121C815DCE9}.Release|x64.Build.0 = Release|x64
		{4F472118-8FDD-40F6-A2AB-E121C815DCE9}.Release|x64.Deploy.0 = Release|x64
		{4F472118-8FDD-40F6-A2AB-E121C815DCE9}.Release|x86.ActiveCfg = Release|x86
		{4F472118-8FDD-40F6-A2AB-E121C815DCE9}.Release|x86.Build.0 = Release|x86
		{4F472118-8FDD-40F6-A2AB-E121C815DCE9}.Release|x86.Deploy.0 = Release|x86
	EndGlobalSection
	GlobalSection(SolutionProperties) = preSolution
		HideSolutionNode = FALSE
	EndGlobalSection
	GlobalSection(ExtensibilityGlobals) = postSolution
		SolutionGuid = {F6D05029-56B8-4E45-AF2D-0E76295DDBA2}
	EndGlobalSection
EndGlobal
